// !$*UTF8*$!
{
	archiveVersion = 1;
	classes = {
	};
	objectVersion = 46;
	objects = {

/* Begin PBXBuildFile section */
		BA4AA4D79F78D9440AE961F0 /* libPods-GLKeyBoard.a in Frameworks */ = {isa = PBXBuildFile; fileRef = 7D0E1AFAA195B0058AD757A0 /* libPods-GLKeyBoard.a */; };
		EB21AAEC1ED9624B00E6A557 /* main.m in Sources */ = {isa = PBXBuildFile; fileRef = EB21AAEB1ED9624B00E6A557 /* main.m */; };
		EB21AAEF1ED9624B00E6A557 /* AppDelegate.m in Sources */ = {isa = PBXBuildFile; fileRef = EB21AAEE1ED9624B00E6A557 /* AppDelegate.m */; };
		EB21AAF21ED9624B00E6A557 /* ViewController.m in Sources */ = {isa = PBXBuildFile; fileRef = EB21AAF11ED9624B00E6A557 /* ViewController.m */; };
		EB21AAF51ED9624B00E6A557 /* Main.storyboard in Resources */ = {isa = PBXBuildFile; fileRef = EB21AAF31ED9624B00E6A557 /* Main.storyboard */; };
		EB21AAF71ED9624B00E6A557 /* Assets.xcassets in Resources */ = {isa = PBXBuildFile; fileRef = EB21AAF61ED9624B00E6A557 /* Assets.xcassets */; };
		EB21AAFA1ED9624B00E6A557 /* LaunchScreen.storyboard in Resources */ = {isa = PBXBuildFile; fileRef = EB21AAF81ED9624B00E6A557 /* LaunchScreen.storyboard */; };
		EB21AB031ED9626100E6A557 /* GLKeyBoard.m in Sources */ = {isa = PBXBuildFile; fileRef = EB21AB021ED9626100E6A557 /* GLKeyBoard.m */; };
		EB21AB061ED9628E00E6A557 /* UITextField+GLKeyBoard.m in Sources */ = {isa = PBXBuildFile; fileRef = EB21AB051ED9628E00E6A557 /* UITextField+GLKeyBoard.m */; };
/* End PBXBuildFile section */

/* Begin PBXFileReference section */
		55D9BE63DA2BFB9C995FBEEF /* Pods-GLKeyBoard.release.xcconfig */ = {isa = PBXFileReference; includeInIndex = 1; lastKnownFileType = text.xcconfig; name = "Pods-GLKeyBoard.release.xcconfig"; path = "Pods/Target Support Files/Pods-GLKeyBoard/Pods-GLKeyBoard.release.xcconfig"; sourceTree = "<group>"; };
		616DE271B70B5B0BF21E8B5C /* Pods-GLKeyBoard.debug.xcconfig */ = {isa = PBXFileReference; includeInIndex = 1; lastKnownFileType = text.xcconfig; name = "Pods-GLKeyBoard.debug.xcconfig"; path = "Pods/Target Support Files/Pods-GLKeyBoard/Pods-GLKeyBoard.debug.xcconfig"; sourceTree = "<group>"; };
		7D0E1AFAA195B0058AD757A0 /* libPods-GLKeyBoard.a */ = {isa = PBXFileReference; explicitFileType = archive.ar; includeInIndex = 0; path = "libPods-GLKeyBoard.a"; sourceTree = BUILT_PRODUCTS_DIR; };
		EB21AAE71ED9624B00E6A557 /* GLKeyBoard.app */ = {isa = PBXFileReference; explicitFileType = wrapper.application; includeInIndex = 0; path = GLKeyBoard.app; sourceTree = BUILT_PRODUCTS_DIR; };
		EB21AAEB1ED9624B00E6A557 /* main.m */ = {isa = PBXFileReference; lastKnownFileType = sourcecode.c.objc; path = main.m; sourceTree = "<group>"; };
		EB21AAED1ED9624B00E6A557 /* AppDelegate.h */ = {isa = PBXFileReference; lastKnownFileType = sourcecode.c.h; path = AppDelegate.h; sourceTree = "<group>"; };
		EB21AAEE1ED9624B00E6A557 /* AppDelegate.m */ = {isa = PBXFileReference; lastKnownFileType = sourcecode.c.objc; path = AppDelegate.m; sourceTree = "<group>"; };
		EB21AAF01ED9624B00E6A557 /* ViewController.h */ = {isa = PBXFileReference; lastKnownFileType = sourcecode.c.h; path = ViewController.h; sourceTree = "<group>"; };
		EB21AAF11ED9624B00E6A557 /* ViewController.m */ = {isa = PBXFileReference; lastKnownFileType = sourcecode.c.objc; path = ViewController.m; sourceTree = "<group>"; };
		EB21AAF41ED9624B00E6A557 /* Base */ = {isa = PBXFileReference; lastKnownFileType = file.storyboard; name = Base; path = Base.lproj/Main.storyboard; sourceTree = "<group>"; };
		EB21AAF61ED9624B00E6A557 /* Assets.xcassets */ = {isa = PBXFileReference; lastKnownFileType = folder.assetcatalog; path = Assets.xcassets; sourceTree = "<group>"; };
		EB21AAF91ED9624B00E6A557 /* Base */ = {isa = PBXFileReference; lastKnownFileType = file.storyboard; name = Base; path = Base.lproj/LaunchScreen.storyboard; sourceTree = "<group>"; };
		EB21AAFB1ED9624B00E6A557 /* Info.plist */ = {isa = PBXFileReference; lastKnownFileType = text.plist.xml; path = Info.plist; sourceTree = "<group>"; };
		EB21AB011ED9626100E6A557 /* GLKeyBoard.h */ = {isa = PBXFileReference; fileEncoding = 4; lastKnownFileType = sourcecode.c.h; path = GLKeyBoard.h; sourceTree = "<group>"; };
		EB21AB021ED9626100E6A557 /* GLKeyBoard.m */ = {isa = PBXFileReference; fileEncoding = 4; lastKnownFileType = sourcecode.c.objc; path = GLKeyBoard.m; sourceTree = "<group>"; };
		EB21AB041ED9628E00E6A557 /* UITextField+GLKeyBoard.h */ = {isa = PBXFileReference; fileEncoding = 4; lastKnownFileType = sourcecode.c.h; path = "UITextField+GLKeyBoard.h"; sourceTree = "<group>"; };
		EB21AB051ED9628E00E6A557 /* UITextField+GLKeyBoard.m */ = {isa = PBXFileReference; fileEncoding = 4; lastKnownFileType = sourcecode.c.objc; path = "UITextField+GLKeyBoard.m"; sourceTree = "<group>"; };
/* End PBXFileReference section */

/* Begin PBXFrameworksBuildPhase section */
		EB21AAE41ED9624B00E6A557 /* Frameworks */ = {
			isa = PBXFrameworksBuildPhase;
			buildActionMask = 2147483647;
			files = (
				BA4AA4D79F78D9440AE961F0 /* libPods-GLKeyBoard.a in Frameworks */,
			);
			runOnlyForDeploymentPostprocessing = 0;
		};
/* End PBXFrameworksBuildPhase section */

/* Begin PBXGroup section */
		191EF3A420556D346F7152F0 /* Frameworks */ = {
			isa = PBXGroup;
			children = (
				7D0E1AFAA195B0058AD757A0 /* libPods-GLKeyBoard.a */,
			);
			name = Frameworks;
			sourceTree = "<group>";
		};
		A78E549CEEDE73CAEA2DA527 /* Pods */ = {
			isa = PBXGroup;
			children = (
				616DE271B70B5B0BF21E8B5C /* Pods-GLKeyBoard.debug.xcconfig */,
				55D9BE63DA2BFB9C995FBEEF /* Pods-GLKeyBoard.release.xcconfig */,
			);
			name = Pods;
			sourceTree = "<group>";
		};
		EB21AADE1ED9624B00E6A557 = {
			isa = PBXGroup;
			children = (
				EB21AAE91ED9624B00E6A557 /* GLKeyBoard */,
				EB21AAE81ED9624B00E6A557 /* Products */,
				A78E549CEEDE73CAEA2DA527 /* Pods */,
				191EF3A420556D346F7152F0 /* Frameworks */,
			);
			sourceTree = "<group>";
		};
		EB21AAE81ED9624B00E6A557 /* Products */ = {
			isa = PBXGroup;
			children = (
				EB21AAE71ED9624B00E6A557 /* GLKeyBoard.app */,
			);
			name = Products;
			sourceTree = "<group>";
		};
		EB21AAE91ED9624B00E6A557 /* GLKeyBoard */ = {
			isa = PBXGroup;
			children = (
				EB21AAED1ED9624B00E6A557 /* AppDelegate.h */,
				EB21AAEE1ED9624B00E6A557 /* AppDelegate.m */,
				EB21AAF01ED9624B00E6A557 /* ViewController.h */,
				EB21AAF11ED9624B00E6A557 /* ViewController.m */,
				EB21AB011ED9626100E6A557 /* GLKeyBoard.h */,
				EB21AB021ED9626100E6A557 /* GLKeyBoard.m */,
				EB21AB041ED9628E00E6A557 /* UITextField+GLKeyBoard.h */,
				EB21AB051ED9628E00E6A557 /* UITextField+GLKeyBoard.m */,
				EB21AAF31ED9624B00E6A557 /* Main.storyboard */,
				EB21AAF61ED9624B00E6A557 /* Assets.xcassets */,
				EB21AAF81ED9624B00E6A557 /* LaunchScreen.storyboard */,
				EB21AAFB1ED9624B00E6A557 /* Info.plist */,
				EB21AAEA1ED9624B00E6A557 /* Supporting Files */,
			);
			path = GLKeyBoard;
			sourceTree = "<group>";
		};
		EB21AAEA1ED9624B00E6A557 /* Supporting Files */ = {
			isa = PBXGroup;
			children = (
				EB21AAEB1ED9624B00E6A557 /* main.m */,
			);
			name = "Supporting Files";
			sourceTree = "<group>";
		};
/* End PBXGroup section */

/* Begin PBXNativeTarget section */
		EB21AAE61ED9624B00E6A557 /* GLKeyBoard */ = {
			isa = PBXNativeTarget;
			buildConfigurationList = EB21AAFE1ED9624B00E6A557 /* Build configuration list for PBXNativeTarget "GLKeyBoard" */;
			buildPhases = (
				BBBCA3E2661AA11F6A6946F7 /* [CP] Check Pods Manifest.lock */,
				EB21AAE31ED9624B00E6A557 /* Sources */,
				EB21AAE41ED9624B00E6A557 /* Frameworks */,
				EB21AAE51ED9624B00E6A557 /* Resources */,
				8C4DCB2A0EED963AACD40F16 /* [CP] Embed Pods Frameworks */,
				815A3C82D645F855EFFB1B46 /* [CP] Copy Pods Resources */,
			);
			buildRules = (
			);
			dependencies = (
			);
			name = GLKeyBoard;
			productName = GLKeyBoard;
			productReference = EB21AAE71ED9624B00E6A557 /* GLKeyBoard.app */;
			productType = "com.apple.product-type.application";
		};
/* End PBXNativeTarget section */

/* Begin PBXProject section */
		EB21AADF1ED9624B00E6A557 /* Project object */ = {
			isa = PBXProject;
			attributes = {
				LastUpgradeCheck = 0830;
				ORGANIZATIONNAME = "高磊";
				TargetAttributes = {
					EB21AAE61ED9624B00E6A557 = {
						CreatedOnToolsVersion = 8.3;
						DevelopmentTeam = Y989T5JJBN;
						ProvisioningStyle = Automatic;
					};
				};
			};
			buildConfigurationList = EB21AAE21ED9624B00E6A557 /* Build configuration list for PBXProject "GLKeyBoard" */;
			compatibilityVersion = "Xcode 3.2";
			developmentRegion = English;
			hasScannedForEncodings = 0;
			knownRegions = (
				en,
				Base,
			);
			mainGroup = EB21AADE1ED9624B00E6A557;
			productRefGroup = EB21AAE81ED9624B00E6A557 /* Products */;
			projectDirPath = "";
			projectRoot = "";
			targets = (
				EB21AAE61ED9624B00E6A557 /* GLKeyBoard */,
			);
		};
/* End PBXProject section */

/* Begin PBXResourcesBuildPhase section */
		EB21AAE51ED9624B00E6A557 /* Resources */ = {
			isa = PBXResourcesBuildPhase;
			buildActionMask = 2147483647;
			files = (
				EB21AAFA1ED9624B00E6A557 /* LaunchScreen.storyboard in Resources */,
				EB21AAF71ED9624B00E6A557 /* Assets.xcassets in Resources */,
				EB21AAF51ED9624B00E6A557 /* Main.storyboard in Resources */,
			);
			runOnlyForDeploymentPostprocessing = 0;
		};
/* End PBXResourcesBuildPhase section */

/* Begin PBXShellScriptBuildPhase section */
		815A3C82D645F855EFFB1B46 /* [CP] Copy Pods Resources */ = {
			isa = PBXShellScriptBuildPhase;
			buildActionMask = 2147483647;
			files = (
			);
			inputPaths = (
			);
			name = "[CP] Copy Pods Resources";
			outputPaths = (
			);
			runOnlyForDeploymentPostprocessing = 0;
			shellPath = /bin/sh;
			shellScript = "\"${SRCROOT}/Pods/Target Support Files/Pods-GLKeyBoard/Pods-GLKeyBoard-resources.sh\"\n";
			showEnvVarsInLog = 0;
		};
		8C4DCB2A0EED963AACD40F16 /* [CP] Embed Pods Frameworks */ = {
			isa = PBXShellScriptBuildPhase;
			buildActionMask = 2147483647;
			files = (
			);
			inputPaths = (
			);
			name = "[CP] Embed Pods Frameworks";
			outputPaths = (
			);
			runOnlyForDeploymentPostprocessing = 0;
			shellPath = /bin/sh;
			shellScript = "\"${SRCROOT}/Pods/Target Support Files/Pods-GLKeyBoard/Pods-GLKeyBoard-frameworks.sh\"\n";
			showEnvVarsInLog = 0;
		};
		BBBCA3E2661AA11F6A6946F7 /* [CP] Check Pods Manifest.lock */ = {
			isa = PBXShellScriptBuildPhase;
			buildActionMask = 2147483647;
			files = (
			);
			inputPaths = (
			);
			name = "[CP] Check Pods Manifest.lock";
			outputPaths = (
			);
			runOnlyForDeploymentPostprocessing = 0;
			shellPath = /bin/sh;
			shellScript = "diff \"${PODS_PODFILE_DIR_PATH}/Podfile.lock\" \"${PODS_ROOT}/Manifest.lock\" > /dev/null\nif [ $? != 0 ] ; then\n    # print error to STDERR\n    echo \"error: The sandbox is not in sync with the Podfile.lock. Run 'pod install' or update your CocoaPods installation.\" >&2\n    exit 1\nfi\n";
			showEnvVarsInLog = 0;
		};
/* End PBXShellScriptBuildPhase section */

/* Begin PBXSourcesBuildPhase section */
		EB21AAE31ED9624B00E6A557 /* Sources */ = {
			isa = PBXSourcesBuildPhase;
			buildActionMask = 2147483647;
			files = (
				EB21AAF21ED9624B00E6A557 /* ViewController.m in Sources */,
				EB21AAEF1ED9624B00E6A557 /* AppDelegate.m in Sources */,
				EB21AAEC1ED9624B00E6A557 /* main.m in Sources */,
				EB21AB061ED9628E00E6A557 /* UITextField+GLKeyBoard.m in Sources */,
				EB21AB031ED9626100E6A557 /* GLKeyBoard.m in Sources */,
			);
			runOnlyForDeploymentPostprocessing = 0;
		};
/* End PBXSourcesBuildPhase section */

/* Begin PBXVariantGroup section */
		EB21AAF31ED9624B00E6A557 /* Main.storyboard */ = {
			isa = PBXVariantGroup;
			children = (
				EB21AAF41ED9624B00E6A557 /* Base */,
			);
			name = Main.storyboard;
			sourceTree = "<group>";
		};
		EB21AAF81ED9624B00E6A557 /* LaunchScreen.storyboard */ = {
			isa = PBXVariantGroup;
			children = (
				EB21AAF91ED9624B00E6A557 /* Base */,
			);
			name = LaunchScreen.storyboard;
			sourceTree = "<group>";
		};
/* End PBXVariantGroup section */

/* Begin XCBuildConfiguration section */
		EB21AAFC1ED9624B00E6A557 /* Debug */ = {
			isa = XCBuildConfiguration;
			buildSettings = {
				ALWAYS_SEARCH_USER_PATHS = NO;
				CLANG_ANALYZER_NONNULL = YES;
				CLANG_ANALYZER_NUMBER_OBJECT_CONVERSION = YES_AGGRESSIVE;
				CLANG_CXX_LANGUAGE_STANDARD = "gnu++0x";
				CLANG_CXX_LIBRARY = "libc++";
				CLANG_ENABLE_MODULES = YES;
				CLANG_ENABLE_OBJC_ARC = YES;
				CLANG_WARN_BOOL_CONVERSION = YES;
				CLANG_WARN_CONSTANT_CONVERSION = YES;
				CLANG_WARN_DIRECT_OBJC_ISA_USAGE = YES_ERROR;
				CLANG_WARN_DOCUMENTATION_COMMENTS = YES;
				CLANG_WARN_EMPTY_BODY = YES;
				CLANG_WARN_ENUM_CONVERSION = YES;
				CLANG_WARN_INFINITE_RECURSION = YES;
				CLANG_WARN_INT_CONVERSION = YES;
				CLANG_WARN_OBJC_ROOT_CLASS = YES_ERROR;
				CLANG_WARN_SUSPICIOUS_MOVE = YES;
				CLANG_WARN_UNREACHABLE_CODE = YES;
				CLANG_WARN__DUPLICATE_METHOD_MATCH = YES;
				"CODE_SIGN_IDENTITY[sdk=iphoneos*]" = "iPhone Developer";
				COPY_PHASE_STRIP = NO;
				DEBUG_INFORMATION_FORMAT = dwarf;
				ENABLE_STRICT_OBJC_MSGSEND = YES;
				ENABLE_TESTABILITY = YES;
				GCC_C_LANGUAGE_STANDARD = gnu99;
				GCC_DYNAMIC_NO_PIC = NO;
				GCC_NO_COMMON_BLOCKS = YES;
				GCC_OPTIMIZATION_LEVEL = 0;
				GCC_PREPROCESSOR_DEFINITIONS = (
					"DEBUG=1",
					"$(inherited)",
				);
				GCC_WARN_64_TO_32_BIT_CONVERSION = YES;
				GCC_WARN_ABOUT_RETURN_TYPE = YES_ERROR;
				GCC_WARN_UNDECLARED_SELECTOR = YES;
				GCC_WARN_UNINITIALIZED_AUTOS = YES_AGGRESSIVE;
				GCC_WARN_UNUSED_FUNCTION = YES;
				GCC_WARN_UNUSED_VARIABLE = YES;
				IPHONEOS_DEPLOYMENT_TARGET = 10.3;
				MTL_ENABLE_DEBUG_INFO = YES;
				ONLY_ACTIVE_ARCH = YES;
				SDKROOT = iphoneos;
			};
			name = Debug;
		};
		EB21AAFD1ED9624B00E6A557 /* Release */ = {
			isa = XCBuildConfiguration;
			buildSettings = {
				ALWAYS_SEARCH_USER_PATHS = NO;
				CLANG_ANALYZER_NONNULL = YES;
				CLANG_ANALYZER_NUMBER_OBJECT_CONVERSION = YES_AGGRESSIVE;
				CLANG_CXX_LANGUAGE_STANDARD = "gnu++0x";
				CLANG_CXX_LIBRARY = "libc++";
				CLANG_ENABLE_MODULES = YES;
				CLANG_ENABLE_OBJC_ARC = YES;
				CLANG_WARN_BOOL_CONVERSION = YES;
				CLANG_WARN_CONSTANT_CONVERSION = YES;
				CLANG_WARN_DIRECT_OBJC_ISA_USAGE = YES_ERROR;
				CLANG_WARN_DOCUMENTATION_COMMENTS = YES;
				CLANG_WARN_EMPTY_BODY = YES;
				CLANG_WARN_ENUM_CONVERSION = YES;
				CLANG_WARN_INFINITE_RECURSION = YES;
				CLANG_WARN_INT_CONVERSION = YES;
				CLANG_WARN_OBJC_ROOT_CLASS = YES_ERROR;
				CLANG_WARN_SUSPICIOUS_MOVE = YES;
				CLANG_WARN_UNREACHABLE_CODE = YES;
				CLANG_WARN__DUPLICATE_METHOD_MATCH = YES;
				"CODE_SIGN_IDENTITY[sdk=iphoneos*]" = "iPhone Developer";
				COPY_PHASE_STRIP = NO;
				DEBUG_INFORMATION_FORMAT = "dwarf-with-dsym";
				ENABLE_NS_ASSERTIONS = NO;
				ENABLE_STRICT_OBJC_MSGSEND = YES;
				GCC_C_LANGUAGE_STANDARD = gnu99;
				GCC_NO_COMMON_BLOCKS = YES;
				GCC_WARN_64_TO_32_BIT_CONVERSION = YES;
				GCC_WARN_ABOUT_RETURN_TYPE = YES_ERROR;
				GCC_WARN_UNDECLARED_SELECTOR = YES;
				GCC_WARN_UNINITIALIZED_AUTOS = YES_AGGRESSIVE;
				GCC_WARN_UNUSED_FUNCTION = YES;
				GCC_WARN_UNUSED_VARIABLE = YES;
				IPHONEOS_DEPLOYMENT_TARGET = 10.3;
				MTL_ENABLE_DEBUG_INFO = NO;
				SDKROOT = iphoneos;
				VALIDATE_PRODUCT = YES;
			};
			name = Release;
		};
		EB21AAFF1ED9624B00E6A557 /* Debug */ = {
			isa = XCBuildConfiguration;
			baseConfigurationReference = 616DE271B70B5B0BF21E8B5C /* Pods-GLKeyBoard.debug.xcconfig */;
			buildSettings = {
				ASSETCATALOG_COMPILER_APPICON_NAME = AppIcon;
				DEVELOPMENT_TEAM = Y989T5JJBN;
				INFOPLIST_FILE = GLKeyBoard/Info.plist;
				LD_RUNPATH_SEARCH_PATHS = "$(inherited) @executable_path/Frameworks";
				PRODUCT_BUNDLE_IDENTIFIER = gao.GLKeyBoard;
				PRODUCT_NAME = "$(TARGET_NAME)";
			};
			name = Debug;
		};
		EB21AB001ED9624B00E6A557 /* Release */ = {
			isa = XCBuildConfiguration;
			baseConfigurationReference = 55D9BE63DA2BFB9C995FBEEF /* Pods-GLKeyBoard.release.xcconfig */;
			buildSettings = {
				ASSETCATALOG_COMPILER_APPICON_NAME = AppIcon;
				DEVELOPMENT_TEAM = Y989T5JJBN;
				INFOPLIST_FILE = GLKeyBoard/Info.plist;
				LD_RUNPATH_SEARCH_PATHS = "$(inherited) @executable_path/Frameworks";
				PRODUCT_BUNDLE_IDENTIFIER = gao.GLKeyBoard;
				PRODUCT_NAME = "$(TARGET_NAME)";
			};
			name = Release;
		};
/* End XCBuildConfiguration section */

/* Begin XCConfigurationList section */
		EB21AAE21ED9624B00E6A557 /* Build configuration list for PBXProject "GLKeyBoard" */ = {
			isa = XCConfigurationList;
			buildConfigurations = (
				EB21AAFC1ED9624B00E6A557 /* Debug */,
				EB21AAFD1ED9624B00E6A557 /* Release */,
			);
			defaultConfigurationIsVisible = 0;
			defaultConfigurationName = Release;
		};
		EB21AAFE1ED9624B00E6A557 /* Build configuration list for PBXNativeTarget "GLKeyBoard" */ = {
			isa = XCConfigurationList;
			buildConfigurations = (
				EB21AAFF1ED9624B00E6A557 /* Debug */,
				EB21AB001ED9624B00E6A557 /* Release */,
			);
			defaultConfigurationIsVisible = 0;
			defaultConfigurationName = Release;
		};
/* End XCConfigurationList section */
	};
	rootObject = EB21AADF1ED9624B00E6A557 /* Project object */;
}
